
Microsoft Visual Studio Solution File, Format Version 12.00
# Visual Studio Version 16
VisualStudioVersion = 16.0.31613.86
MinimumVisualStudioVersion = 10.0.40219.1
Project("{FAE04EC0-301F-11D3-BF4B-00C04F79EFBC}") = "CompareTables", "CompareTables\CompareTables.csproj", "{D38F0229-13AD-4C69-BD3B-8C151A693320}"
EndProject
Global
	GlobalSection(SolutionConfigurationPlatforms) = preSolution
		Debug|Any CPU = Debug|Any CPU
		Release|Any CPU = Release|Any CPU
	EndGlobalSection
	GlobalSection(ProjectConfigurationPlatforms) = postSolution
		{D38F0229-13AD-4C69-BD3B-8C151A693320}.Debug|Any CPU.ActiveCfg = Debug|Any CPU
		{D38F0229-13AD-4C69-BD3B-8C151A693320}.Debug|Any CPU.Build.0 = Debug|Any CPU
		{D38F0229-13AD-4C69-BD3B-8C151A693320}.Release|Any CPU.ActiveCfg = Release|Any CPU
		{D38F0229-13AD-4C69-BD3B-8C151A693320}.Release|Any CPU.Build.0 = Release|Any CPU
	EndGlobalSection
	GlobalSection(SolutionProperties) = preSolution
		HideSolutionNode = FALSE
	EndGlobalSection
	GlobalSection(ExtensibilityGlobals) = postSolution
		SolutionGuid = {55190016-4FE7-44B7-8021-9FDE829480F4}
	EndGlobalSection
EndGlobal
